
Microsoft Visual Studio Solution File, Format Version 9.00
# Visual Studio 2005
Project("{FAE04EC0-301F-11D3-BF4B-00C04F79EFBC}") = "RainbowSimpleNantRunner", "WindowsApplication\RainbowSimpleNantRunner.csproj", "{888E316A-4AFE-40CE-94CA-6F87044C6FD3}"
EndProject
Global
	GlobalSection(SolutionConfigurationPlatforms) = preSolution
		Debug|Any CPU = Debug|Any CPU
		Release|Any CPU = Release|Any CPU
	EndGlobalSection
	GlobalSection(ProjectConfigurationPlatforms) = postSolution
		{888E316A-4AFE-40CE-94CA-6F87044C6FD3}.Debug|Any CPU.ActiveCfg = Debug|Any CPU
		{888E316A-4AFE-40CE-94CA-6F87044C6FD3}.Debug|Any CPU.Build.0 = Debug|Any CPU
		{888E316A-4AFE-40CE-94CA-6F87044C6FD3}.Release|Any CPU.ActiveCfg = Release|Any CPU
		{888E316A-4AFE-40CE-94CA-6F87044C6FD3}.Release|Any CPU.Build.0 = Release|Any CPU
	EndGlobalSection
	GlobalSection(SolutionProperties) = preSolution
		HideSolutionNode = FALSE
	EndGlobalSection
EndGlobal
