Microsoft Visual Studio Solution File, Format Version 8.00
Project("{FAE04EC0-301F-11D3-BF4B-00C04F79EFBC}") = "MarinaTeq.Rainbow.Zen", "MarinaTeq.Rainbow.Zen.csproj", "{7C49121E-659E-45EE-A162-74EE784ABC4F}"
	ProjectSection(ProjectDependencies) = postProject
	EndProjectSection
EndProject
Global
	GlobalSection(SolutionConfiguration) = preSolution
		Debug = Debug
		Release = Release
	EndGlobalSection
	GlobalSection(ProjectConfiguration) = postSolution
		{7C49121E-659E-45EE-A162-74EE784ABC4F}.Debug.ActiveCfg = Debug|.NET
		{7C49121E-659E-45EE-A162-74EE784ABC4F}.Debug.Build.0 = Debug|.NET
		{7C49121E-659E-45EE-A162-74EE784ABC4F}.Release.ActiveCfg = Release|.NET
		{7C49121E-659E-45EE-A162-74EE784ABC4F}.Release.Build.0 = Release|.NET
	EndGlobalSection
	GlobalSection(ExtensibilityGlobals) = postSolution
	EndGlobalSection
	GlobalSection(ExtensibilityAddIns) = postSolution
	EndGlobalSection
EndGlobal
