Microsoft Visual Studio Solution File, Format Version 8.00
Project("{FAE04EC0-301F-11D3-BF4B-00C04F79EFBC}") = "Rainbow.Modules.Faq", "Rainbow.Modules.Faq.csproj", "{57BDCB19-B248-4686-9E16-12CE74D3EE0E}"
	ProjectSection(ProjectDependencies) = postProject
	EndProjectSection
EndProject
Global
	GlobalSection(SolutionConfiguration) = preSolution
		Debug = Debug
		Release = Release
	EndGlobalSection
	GlobalSection(ProjectConfiguration) = postSolution
		{57BDCB19-B248-4686-9E16-12CE74D3EE0E}.Debug.ActiveCfg = Debug|.NET
		{57BDCB19-B248-4686-9E16-12CE74D3EE0E}.Debug.Build.0 = Debug|.NET
		{57BDCB19-B248-4686-9E16-12CE74D3EE0E}.Release.ActiveCfg = Release|.NET
		{57BDCB19-B248-4686-9E16-12CE74D3EE0E}.Release.Build.0 = Release|.NET
	EndGlobalSection
	GlobalSection(ExtensibilityGlobals) = postSolution
	EndGlobalSection
	GlobalSection(ExtensibilityAddIns) = postSolution
	EndGlobalSection
EndGlobal
