Microsoft Visual Studio Solution File, Format Version 8.00
Project("{FAE04EC0-301F-11D3-BF4B-00C04F79EFBC}") = "Rainbow.Modules.MagicUrls", "Rainbow.Modules.MagicUrls.csproj", "{4E73B46E-FB51-429B-8D1E-D4EA0F5238A2}"
	ProjectSection(ProjectDependencies) = postProject
	EndProjectSection
EndProject
Global
	GlobalSection(SolutionConfiguration) = preSolution
		Debug = Debug
		Release = Release
	EndGlobalSection
	GlobalSection(ProjectConfiguration) = postSolution
		{4E73B46E-FB51-429B-8D1E-D4EA0F5238A2}.Debug.ActiveCfg = Debug|.NET
		{4E73B46E-FB51-429B-8D1E-D4EA0F5238A2}.Debug.Build.0 = Debug|.NET
		{4E73B46E-FB51-429B-8D1E-D4EA0F5238A2}.Release.ActiveCfg = Release|.NET
		{4E73B46E-FB51-429B-8D1E-D4EA0F5238A2}.Release.Build.0 = Release|.NET
	EndGlobalSection
	GlobalSection(ExtensibilityGlobals) = postSolution
	EndGlobalSection
	GlobalSection(ExtensibilityAddIns) = postSolution
	EndGlobalSection
EndGlobal
