Microsoft Visual Studio Solution File, Format Version 8.00
Project("{FAE04EC0-301F-11D3-BF4B-00C04F79EFBC}") = "Rainbow.Modules.DatabaseTool", "Rainbow.Modules.DatabaseTool.csproj", "{54A40BAE-8860-4A9F-9B76-805EE6F3171A}"
	ProjectSection(ProjectDependencies) = postProject
	EndProjectSection
EndProject
Global
	GlobalSection(SolutionConfiguration) = preSolution
		Debug = Debug
		Release = Release
	EndGlobalSection
	GlobalSection(ProjectConfiguration) = postSolution
		{54A40BAE-8860-4A9F-9B76-805EE6F3171A}.Debug.ActiveCfg = Debug|.NET
		{54A40BAE-8860-4A9F-9B76-805EE6F3171A}.Debug.Build.0 = Debug|.NET
		{54A40BAE-8860-4A9F-9B76-805EE6F3171A}.Release.ActiveCfg = Release|.NET
		{54A40BAE-8860-4A9F-9B76-805EE6F3171A}.Release.Build.0 = Release|.NET
	EndGlobalSection
	GlobalSection(ExtensibilityGlobals) = postSolution
	EndGlobalSection
	GlobalSection(ExtensibilityAddIns) = postSolution
	EndGlobalSection
EndGlobal
