Microsoft Visual Studio Solution File, Format Version 8.00
Project("{FAE04EC0-301F-11D3-BF4B-00C04F79EFBC}") = "Rainbow.Modules.ContentManager", "Rainbow.Modules.ContentManager.csproj", "{5A040925-0F24-4D59-BFBF-EF1C5E13BB8A}"
	ProjectSection(ProjectDependencies) = postProject
	EndProjectSection
EndProject
Global
	GlobalSection(SolutionConfiguration) = preSolution
		Debug = Debug
		Release = Release
	EndGlobalSection
	GlobalSection(ProjectConfiguration) = postSolution
		{5A040925-0F24-4D59-BFBF-EF1C5E13BB8A}.Debug.ActiveCfg = Debug|.NET
		{5A040925-0F24-4D59-BFBF-EF1C5E13BB8A}.Debug.Build.0 = Debug|.NET
		{5A040925-0F24-4D59-BFBF-EF1C5E13BB8A}.Release.ActiveCfg = Release|.NET
		{5A040925-0F24-4D59-BFBF-EF1C5E13BB8A}.Release.Build.0 = Release|.NET
	EndGlobalSection
	GlobalSection(ExtensibilityGlobals) = postSolution
	EndGlobalSection
	GlobalSection(ExtensibilityAddIns) = postSolution
	EndGlobalSection
EndGlobal
