Microsoft Visual Studio Solution File, Format Version 8.00
Project("{FAE04EC0-301F-11D3-BF4B-00C04F79EFBC}") = "Rainbow.Modules.Pages", "Rainbow.Modules.Pages.csproj", "{0C07E861-90C4-4A53-B212-C365DB013D09}"
	ProjectSection(ProjectDependencies) = postProject
	EndProjectSection
EndProject
Global
	GlobalSection(SolutionConfiguration) = preSolution
		Debug = Debug
		Release = Release
	EndGlobalSection
	GlobalSection(ProjectConfiguration) = postSolution
		{0C07E861-90C4-4A53-B212-C365DB013D09}.Debug.ActiveCfg = Debug|.NET
		{0C07E861-90C4-4A53-B212-C365DB013D09}.Debug.Build.0 = Debug|.NET
		{0C07E861-90C4-4A53-B212-C365DB013D09}.Release.ActiveCfg = Release|.NET
	EndGlobalSection
	GlobalSection(ExtensibilityGlobals) = postSolution
	EndGlobalSection
	GlobalSection(ExtensibilityAddIns) = postSolution
	EndGlobalSection
EndGlobal
