Microsoft Visual Studio Solution File, Format Version 8.00
Project("{FAE04EC0-301F-11D3-BF4B-00C04F79EFBC}") = "Rainbow.Settings", "Rainbow.Settings.csproj", "{87268497-23CA-4D9F-8014-48C6A6784543}"
	ProjectSection(ProjectDependencies) = postProject
	EndProjectSection
EndProject
Project("{FAE04EC0-301F-11D3-BF4B-00C04F79EFBC}") = "Rainbow.Settings.Test", "Test.Rainbow.Settings\Rainbow.Settings.Test.csproj", "{14F38815-9326-47B9-99FC-1760CE8A2346}"
	ProjectSection(ProjectDependencies) = postProject
	EndProjectSection
EndProject
Global
	GlobalSection(SolutionConfiguration) = preSolution
		Debug = Debug
		Release = Release
	EndGlobalSection
	GlobalSection(ProjectConfiguration) = postSolution
		{87268497-23CA-4D9F-8014-48C6A6784543}.Debug.ActiveCfg = Debug|.NET
		{87268497-23CA-4D9F-8014-48C6A6784543}.Debug.Build.0 = Debug|.NET
		{87268497-23CA-4D9F-8014-48C6A6784543}.Release.ActiveCfg = Release|.NET
		{87268497-23CA-4D9F-8014-48C6A6784543}.Release.Build.0 = Release|.NET
		{14F38815-9326-47B9-99FC-1760CE8A2346}.Debug.ActiveCfg = Debug|.NET
		{14F38815-9326-47B9-99FC-1760CE8A2346}.Debug.Build.0 = Debug|.NET
		{14F38815-9326-47B9-99FC-1760CE8A2346}.Release.ActiveCfg = Release|.NET
		{14F38815-9326-47B9-99FC-1760CE8A2346}.Release.Build.0 = Release|.NET
	EndGlobalSection
	GlobalSection(ExtensibilityGlobals) = postSolution
	EndGlobalSection
	GlobalSection(ExtensibilityAddIns) = postSolution
	EndGlobalSection
EndGlobal
