Microsoft Visual Studio Solution File, Format Version 8.00
Project("{FAE04EC0-301F-11D3-BF4B-00C04F79EFBC}") = "WinClientEcommerce", "WinClientEcommerce.csproj", "{FD9DF3AC-52CB-49CF-AB5F-E91DF93F7EAC}"
	ProjectSection(ProjectDependencies) = postProject
	EndProjectSection
EndProject
Project("{FAE04EC0-301F-11D3-BF4B-00C04F79EFBC}") = "CompressionExtension", "..\CompressionExtension\CompressionExtension.csproj", "{33E04DA6-0FFA-4430-8C55-1BE40C0E3785}"
	ProjectSection(ProjectDependencies) = postProject
	EndProjectSection
EndProject
Global
	GlobalSection(SolutionConfiguration) = preSolution
		Debug = Debug
		Release = Release
	EndGlobalSection
	GlobalSection(ProjectConfiguration) = postSolution
		{FD9DF3AC-52CB-49CF-AB5F-E91DF93F7EAC}.Debug.ActiveCfg = Debug|.NET
		{FD9DF3AC-52CB-49CF-AB5F-E91DF93F7EAC}.Debug.Build.0 = Debug|.NET
		{FD9DF3AC-52CB-49CF-AB5F-E91DF93F7EAC}.Release.ActiveCfg = Release|.NET
		{FD9DF3AC-52CB-49CF-AB5F-E91DF93F7EAC}.Release.Build.0 = Release|.NET
		{33E04DA6-0FFA-4430-8C55-1BE40C0E3785}.Debug.ActiveCfg = Debug|.NET
		{33E04DA6-0FFA-4430-8C55-1BE40C0E3785}.Debug.Build.0 = Debug|.NET
		{33E04DA6-0FFA-4430-8C55-1BE40C0E3785}.Release.ActiveCfg = Release|.NET
		{33E04DA6-0FFA-4430-8C55-1BE40C0E3785}.Release.Build.0 = Release|.NET
	EndGlobalSection
	GlobalSection(ExtensibilityGlobals) = postSolution
	EndGlobalSection
	GlobalSection(ExtensibilityAddIns) = postSolution
	EndGlobalSection
EndGlobal
