Microsoft Visual Studio Solution File, Format Version 8.00
Project("{FAE04EC0-301F-11D3-BF4B-00C04F79EFBC}") = "Rainbow.MergeEngine", "Rainbow.MergeEngine.csproj", "{CC2A4EAB-777F-4B3C-8898-6FA1D00B2F7C}"
	ProjectSection(ProjectDependencies) = postProject
	EndProjectSection
EndProject
Global
	GlobalSection(SolutionConfiguration) = preSolution
		Debug = Debug
		Release = Release
	EndGlobalSection
	GlobalSection(ProjectConfiguration) = postSolution
		{CC2A4EAB-777F-4B3C-8898-6FA1D00B2F7C}.Debug.ActiveCfg = Debug|.NET
		{CC2A4EAB-777F-4B3C-8898-6FA1D00B2F7C}.Debug.Build.0 = Debug|.NET
		{CC2A4EAB-777F-4B3C-8898-6FA1D00B2F7C}.Release.ActiveCfg = Release|.NET
		{CC2A4EAB-777F-4B3C-8898-6FA1D00B2F7C}.Release.Build.0 = Release|.NET
	EndGlobalSection
	GlobalSection(ExtensibilityGlobals) = postSolution
	EndGlobalSection
	GlobalSection(ExtensibilityAddIns) = postSolution
	EndGlobalSection
EndGlobal
