Microsoft Visual Studio Solution File, Format Version 8.00
Project("{FAE04EC0-301F-11D3-BF4B-00C04F79EFBC}") = "Rainbow.Mobile", "Rainbow.Mobile.csproj", "{85FAE93E-D91B-4246-9C61-469C4FFF28CB}"
	ProjectSection(ProjectDependencies) = postProject
	EndProjectSection
EndProject
Global
	GlobalSection(SolutionConfiguration) = preSolution
		Debug = Debug
		Debug-1.0 = Debug-1.0
		Release = Release
		Release-1.0 = Release-1.0
	EndGlobalSection
	GlobalSection(ProjectConfiguration) = postSolution
		{85FAE93E-D91B-4246-9C61-469C4FFF28CB}.Debug.ActiveCfg = Debug|.NET
		{85FAE93E-D91B-4246-9C61-469C4FFF28CB}.Debug.Build.0 = Debug|.NET
		{85FAE93E-D91B-4246-9C61-469C4FFF28CB}.Debug-1.0.ActiveCfg = Debug|.NET
		{85FAE93E-D91B-4246-9C61-469C4FFF28CB}.Debug-1.0.Build.0 = Debug|.NET
		{85FAE93E-D91B-4246-9C61-469C4FFF28CB}.Release.ActiveCfg = Release|.NET
		{85FAE93E-D91B-4246-9C61-469C4FFF28CB}.Release.Build.0 = Release|.NET
		{85FAE93E-D91B-4246-9C61-469C4FFF28CB}.Release-1.0.ActiveCfg = Release|.NET
		{85FAE93E-D91B-4246-9C61-469C4FFF28CB}.Release-1.0.Build.0 = Release|.NET
	EndGlobalSection
	GlobalSection(ExtensibilityGlobals) = postSolution
	EndGlobalSection
	GlobalSection(ExtensibilityAddIns) = postSolution
	EndGlobalSection
EndGlobal
