Microsoft Visual Studio Solution File, Format Version 8.00
Project("{FAE04EC0-301F-11D3-BF4B-00C04F79EFBC}") = "Rainbow.Modules.PageKeyPhrase", "Rainbow.Modules.PageKeyPhrase.csproj", "{E3C8536D-9813-4406-8C65-22F46BCE3A0D}"
	ProjectSection(ProjectDependencies) = postProject
	EndProjectSection
EndProject
Global
	GlobalSection(SolutionConfiguration) = preSolution
		Debug = Debug
		Release = Release
	EndGlobalSection
	GlobalSection(ProjectConfiguration) = postSolution
		{E3C8536D-9813-4406-8C65-22F46BCE3A0D}.Debug.ActiveCfg = Debug|.NET
		{E3C8536D-9813-4406-8C65-22F46BCE3A0D}.Debug.Build.0 = Debug|.NET
		{E3C8536D-9813-4406-8C65-22F46BCE3A0D}.Release.ActiveCfg = Release|.NET
		{E3C8536D-9813-4406-8C65-22F46BCE3A0D}.Release.Build.0 = Release|.NET
	EndGlobalSection
	GlobalSection(ExtensibilityGlobals) = postSolution
	EndGlobalSection
	GlobalSection(ExtensibilityAddIns) = postSolution
	EndGlobalSection
EndGlobal
